
Microsoft Visual Studio Solution File, Format Version 12.00
# Visual Studio 15
VisualStudioVersion = 15.0.27703.2026
MinimumVisualStudioVersion = 10.0.40219.1
Project("{FAE04EC0-301F-11D3-BF4B-00C04F79EFBC}") = "PAVTP04myVersion_2018", "PAVTP04myVersion_2018\PAVTP04myVersion_2018.csproj", "{B29B9DF2-6352-4F44-948E-103182B4E97B}"
EndProject
Global
	GlobalSection(SolutionConfigurationPlatforms) = preSolution
		Debug|Any CPU = Debug|Any CPU
		Release|Any CPU = Release|Any CPU
	EndGlobalSection
	GlobalSection(ProjectConfigurationPlatforms) = postSolution
		{B29B9DF2-6352-4F44-948E-103182B4E97B}.Debug|Any CPU.ActiveCfg = Debug|Any CPU
		{B29B9DF2-6352-4F44-948E-103182B4E97B}.Debug|Any CPU.Build.0 = Debug|Any CPU
		{B29B9DF2-6352-4F44-948E-103182B4E97B}.Release|Any CPU.ActiveCfg = Release|Any CPU
		{B29B9DF2-6352-4F44-948E-103182B4E97B}.Release|Any CPU.Build.0 = Release|Any CPU
	EndGlobalSection
	GlobalSection(SolutionProperties) = preSolution
		HideSolutionNode = FALSE
	EndGlobalSection
	GlobalSection(ExtensibilityGlobals) = postSolution
		SolutionGuid = {EE531FA6-0DF9-40BB-94F0-E5C330941D1A}
	EndGlobalSection
EndGlobal
